
Microsoft Visual Studio Solution File, Format Version 12.00
# Visual Studio Version 16
VisualStudioVersion = 16.0.29424.173
MinimumVisualStudioVersion = 10.0.40219.1
Project("{2150E333-8FDC-42A3-9474-1A3956D46DE8}") = "Microservices", "Microservices", "{66F4B853-DA1C-4918-B07A-1D3EE3F115EC}"
EndProject
Project("{2150E333-8FDC-42A3-9474-1A3956D46DE8}") = "Domain", "Domain", "{0A031E9B-62FB-4267-A0F9-A3F5B0BD9D70}"
EndProject
Project("{2150E333-8FDC-42A3-9474-1A3956D46DE8}") = "Infra.Bus", "Infra.Bus", "{C9195202-430F-4423-89C0-B985C931D9B4}"
EndProject
Project("{2150E333-8FDC-42A3-9474-1A3956D46DE8}") = "Infra.IoC", "Infra.IoC", "{5B404710-E5B1-44CC-A62B-3349528DBB8F}"
EndProject
Project("{2150E333-8FDC-42A3-9474-1A3956D46DE8}") = "Presentation", "Presentation", "{60817E72-111F-416C-9903-5AD06AFB027A}"
EndProject
Project("{FAE04EC0-301F-11D3-BF4B-00C04F79EFBC}") = "MicroRabbit.Domain.Core", "MicroRabbit.Domain.Core\MicroRabbit.Domain.Core.csproj", "{96DF9FB1-C910-4755-90CC-EFE5B47DEBB5}"
EndProject
Project("{FAE04EC0-301F-11D3-BF4B-00C04F79EFBC}") = "MicroRabbit.Infra.Bus", "MicroRabbit.Infra.Bus\MicroRabbit.Infra.Bus.csproj", "{F90F0FE9-9D53-42FD-82D0-E86D7132578C}"
EndProject
Project("{FAE04EC0-301F-11D3-BF4B-00C04F79EFBC}") = "MicroRabbit.Infra.IoC", "MicroRabbit.Infra.IoC\MicroRabbit.Infra.IoC.csproj", "{96866451-B799-462E-86D0-EDA82E05CD67}"
EndProject
Project("{2150E333-8FDC-42A3-9474-1A3956D46DE8}") = "Banking", "Banking", "{0C858099-3A39-4A8E-8FAC-D7503EB02892}"
EndProject
Project("{2150E333-8FDC-42A3-9474-1A3956D46DE8}") = "Api", "Api", "{E58127E6-2F5F-4563-9681-7CC43DFF6F01}"
EndProject
Project("{2150E333-8FDC-42A3-9474-1A3956D46DE8}") = "Domain", "Domain", "{453C5447-C127-4AAA-AA94-9289826D2D0A}"
EndProject
Project("{2150E333-8FDC-42A3-9474-1A3956D46DE8}") = "Application", "Application", "{551E96D3-E91D-4F06-89DD-ED3174A84DC0}"
EndProject
Project("{2150E333-8FDC-42A3-9474-1A3956D46DE8}") = "Data", "Data", "{9412888D-C066-47AE-AFA9-66C72DA4C374}"
EndProject
Project("{FAE04EC0-301F-11D3-BF4B-00C04F79EFBC}") = "MicroRabbit.Banking.Api", "MicroRabbit.Banking.Api\MicroRabbit.Banking.Api.csproj", "{AE2C202A-7891-4029-B409-31E07A438183}"
EndProject
Project("{FAE04EC0-301F-11D3-BF4B-00C04F79EFBC}") = "MicroRabbit.Banking.Application", "MicroRabbit.Banking.Application\MicroRabbit.Banking.Application.csproj", "{471E018D-F115-44EC-BC01-BED38E475B73}"
EndProject
Project("{FAE04EC0-301F-11D3-BF4B-00C04F79EFBC}") = "MicroRabbit.Banking.Data", "MicroRabbit.Banking.Data\MicroRabbit.Banking.Data.csproj", "{68A2AB36-5E6D-444C-ADA8-5EEB1C436C00}"
EndProject
Project("{FAE04EC0-301F-11D3-BF4B-00C04F79EFBC}") = "MicroRabbit.Banking.Domain", "MicroRabbit.Banking.Domain\MicroRabbit.Banking.Domain.csproj", "{34797B70-966E-40D9-A38F-6DB801EA7DEA}"
EndProject
Global
	GlobalSection(SolutionConfigurationPlatforms) = preSolution
		Debug|Any CPU = Debug|Any CPU
		Release|Any CPU = Release|Any CPU
	EndGlobalSection
	GlobalSection(ProjectConfigurationPlatforms) = postSolution
		{96DF9FB1-C910-4755-90CC-EFE5B47DEBB5}.Debug|Any CPU.ActiveCfg = Debug|Any CPU
		{96DF9FB1-C910-4755-90CC-EFE5B47DEBB5}.Debug|Any CPU.Build.0 = Debug|Any CPU
		{96DF9FB1-C910-4755-90CC-EFE5B47DEBB5}.Release|Any CPU.ActiveCfg = Release|Any CPU
		{96DF9FB1-C910-4755-90CC-EFE5B47DEBB5}.Release|Any CPU.Build.0 = Release|Any CPU
		{F90F0FE9-9D53-42FD-82D0-E86D7132578C}.Debug|Any CPU.ActiveCfg = Debug|Any CPU
		{F90F0FE9-9D53-42FD-82D0-E86D7132578C}.Debug|Any CPU.Build.0 = Debug|Any CPU
		{F90F0FE9-9D53-42FD-82D0-E86D7132578C}.Release|Any CPU.ActiveCfg = Release|Any CPU
		{F90F0FE9-9D53-42FD-82D0-E86D7132578C}.Release|Any CPU.Build.0 = Release|Any CPU
		{96866451-B799-462E-86D0-EDA82E05CD67}.Debug|Any CPU.ActiveCfg = Debug|Any CPU
		{96866451-B799-462E-86D0-EDA82E05CD67}.Debug|Any CPU.Build.0 = Debug|Any CPU
		{96866451-B799-462E-86D0-EDA82E05CD67}.Release|Any CPU.ActiveCfg = Release|Any CPU
		{96866451-B799-462E-86D0-EDA82E05CD67}.Release|Any CPU.Build.0 = Release|Any CPU
		{AE2C202A-7891-4029-B409-31E07A438183}.Debug|Any CPU.ActiveCfg = Debug|Any CPU
		{AE2C202A-7891-4029-B409-31E07A438183}.Debug|Any CPU.Build.0 = Debug|Any CPU
		{AE2C202A-7891-4029-B409-31E07A438183}.Release|Any CPU.ActiveCfg = Release|Any CPU
		{AE2C202A-7891-4029-B409-31E07A438183}.Release|Any CPU.Build.0 = Release|Any CPU
		{471E018D-F115-44EC-BC01-BED38E475B73}.Debug|Any CPU.ActiveCfg = Debug|Any CPU
		{471E018D-F115-44EC-BC01-BED38E475B73}.Debug|Any CPU.Build.0 = Debug|Any CPU
		{471E018D-F115-44EC-BC01-BED38E475B73}.Release|Any CPU.ActiveCfg = Release|Any CPU
		{471E018D-F115-44EC-BC01-BED38E475B73}.Release|Any CPU.Build.0 = Release|Any CPU
		{68A2AB36-5E6D-444C-ADA8-5EEB1C436C00}.Debug|Any CPU.ActiveCfg = Debug|Any CPU
		{68A2AB36-5E6D-444C-ADA8-5EEB1C436C00}.Debug|Any CPU.Build.0 = Debug|Any CPU
		{68A2AB36-5E6D-444C-ADA8-5EEB1C436C00}.Release|Any CPU.ActiveCfg = Release|Any CPU
		{68A2AB36-5E6D-444C-ADA8-5EEB1C436C00}.Release|Any CPU.Build.0 = Release|Any CPU
		{34797B70-966E-40D9-A38F-6DB801EA7DEA}.Debug|Any CPU.ActiveCfg = Debug|Any CPU
		{34797B70-966E-40D9-A38F-6DB801EA7DEA}.Debug|Any CPU.Build.0 = Debug|Any CPU
		{34797B70-966E-40D9-A38F-6DB801EA7DEA}.Release|Any CPU.ActiveCfg = Release|Any CPU
		{34797B70-966E-40D9-A38F-6DB801EA7DEA}.Release|Any CPU.Build.0 = Release|Any CPU
	EndGlobalSection
	GlobalSection(SolutionProperties) = preSolution
		HideSolutionNode = FALSE
	EndGlobalSection
	GlobalSection(NestedProjects) = preSolution
		{96DF9FB1-C910-4755-90CC-EFE5B47DEBB5} = {0A031E9B-62FB-4267-A0F9-A3F5B0BD9D70}
		{F90F0FE9-9D53-42FD-82D0-E86D7132578C} = {C9195202-430F-4423-89C0-B985C931D9B4}
		{96866451-B799-462E-86D0-EDA82E05CD67} = {5B404710-E5B1-44CC-A62B-3349528DBB8F}
		{0C858099-3A39-4A8E-8FAC-D7503EB02892} = {66F4B853-DA1C-4918-B07A-1D3EE3F115EC}
		{E58127E6-2F5F-4563-9681-7CC43DFF6F01} = {0C858099-3A39-4A8E-8FAC-D7503EB02892}
		{453C5447-C127-4AAA-AA94-9289826D2D0A} = {0C858099-3A39-4A8E-8FAC-D7503EB02892}
		{551E96D3-E91D-4F06-89DD-ED3174A84DC0} = {0C858099-3A39-4A8E-8FAC-D7503EB02892}
		{9412888D-C066-47AE-AFA9-66C72DA4C374} = {0C858099-3A39-4A8E-8FAC-D7503EB02892}
		{AE2C202A-7891-4029-B409-31E07A438183} = {E58127E6-2F5F-4563-9681-7CC43DFF6F01}
		{471E018D-F115-44EC-BC01-BED38E475B73} = {551E96D3-E91D-4F06-89DD-ED3174A84DC0}
		{68A2AB36-5E6D-444C-ADA8-5EEB1C436C00} = {9412888D-C066-47AE-AFA9-66C72DA4C374}
		{34797B70-966E-40D9-A38F-6DB801EA7DEA} = {453C5447-C127-4AAA-AA94-9289826D2D0A}
	EndGlobalSection
	GlobalSection(ExtensibilityGlobals) = postSolution
		SolutionGuid = {B12A947A-DE5C-4B26-9031-3715340A9FAA}
	EndGlobalSection
EndGlobal
